
Microsoft Visual Studio Solution File, Format Version 12.00
# Visual Studio Version 16
VisualStudioVersion = 16.0.31729.503
MinimumVisualStudioVersion = 10.0.40219.1
Project("{FAE04EC0-301F-11D3-BF4B-00C04F79EFBC}") = "MTNews.Android", "MTNews.Android\MTNews.Android.csproj", "{63C1A3F4-63A6-450F-82A9-94D22E800F68}"
EndProject
Project("{FAE04EC0-301F-11D3-BF4B-00C04F79EFBC}") = "MTNews.iOS", "MTNews.iOS\MTNews.iOS.csproj", "{39DF5B8B-DC4E-4D3E-9725-A479FCA15C74}"
EndProject
Project("{9A19103F-16F7-4668-BE54-9A1E7A4F7556}") = "MTNews", "MTNews\MTNews.csproj", "{3B0F232D-A29C-499C-93DC-6558ADE957F2}"
EndProject
Global
	GlobalSection(SolutionConfigurationPlatforms) = preSolution
		Debug|Any CPU = Debug|Any CPU
		Debug|iPhone = Debug|iPhone
		Debug|iPhoneSimulator = Debug|iPhoneSimulator
		Release|Any CPU = Release|Any CPU
		Release|iPhone = Release|iPhone
		Release|iPhoneSimulator = Release|iPhoneSimulator
	EndGlobalSection
	GlobalSection(ProjectConfigurationPlatforms) = postSolution
		{63C1A3F4-63A6-450F-82A9-94D22E800F68}.Debug|Any CPU.ActiveCfg = Debug|Any CPU
		{63C1A3F4-63A6-450F-82A9-94D22E800F68}.Debug|Any CPU.Build.0 = Debug|Any CPU
		{63C1A3F4-63A6-450F-82A9-94D22E800F68}.Debug|Any CPU.Deploy.0 = Debug|Any CPU
		{63C1A3F4-63A6-450F-82A9-94D22E800F68}.Debug|iPhone.ActiveCfg = Debug|Any CPU
		{63C1A3F4-63A6-450F-82A9-94D22E800F68}.Debug|iPhone.Build.0 = Debug|Any CPU
		{63C1A3F4-63A6-450F-82A9-94D22E800F68}.Debug|iPhone.Deploy.0 = Debug|Any CPU
		{63C1A3F4-63A6-450F-82A9-94D22E800F68}.Debug|iPhoneSimulator.ActiveCfg = Debug|Any CPU
		{63C1A3F4-63A6-450F-82A9-94D22E800F68}.Debug|iPhoneSimulator.Build.0 = Debug|Any CPU
		{63C1A3F4-63A6-450F-82A9-94D22E800F68}.Debug|iPhoneSimulator.Deploy.0 = Debug|Any CPU
		{63C1A3F4-63A6-450F-82A9-94D22E800F68}.Release|Any CPU.ActiveCfg = Release|Any CPU
		{63C1A3F4-63A6-450F-82A9-94D22E800F68}.Release|Any CPU.Build.0 = Release|Any CPU
		{63C1A3F4-63A6-450F-82A9-94D22E800F68}.Release|Any CPU.Deploy.0 = Release|Any CPU
		{63C1A3F4-63A6-450F-82A9-94D22E800F68}.Release|iPhone.ActiveCfg = Release|Any CPU
		{63C1A3F4-63A6-450F-82A9-94D22E800F68}.Release|iPhone.Build.0 = Release|Any CPU
		{63C1A3F4-63A6-450F-82A9-94D22E800F68}.Release|iPhone.Deploy.0 = Release|Any CPU
		{63C1A3F4-63A6-450F-82A9-94D22E800F68}.Release|iPhoneSimulator.ActiveCfg = Release|Any CPU
		{63C1A3F4-63A6-450F-82A9-94D22E800F68}.Release|iPhoneSimulator.Build.0 = Release|Any CPU
		{63C1A3F4-63A6-450F-82A9-94D22E800F68}.Release|iPhoneSimulator.Deploy.0 = Release|Any CPU
		{39DF5B8B-DC4E-4D3E-9725-A479FCA15C74}.Debug|Any CPU.ActiveCfg = Debug|iPhone
		{39DF5B8B-DC4E-4D3E-9725-A479FCA15C74}.Debug|Any CPU.Build.0 = Debug|iPhone
		{39DF5B8B-DC4E-4D3E-9725-A479FCA15C74}.Debug|Any CPU.Deploy.0 = Debug|iPhone
		{39DF5B8B-DC4E-4D3E-9725-A479FCA15C74}.Debug|iPhone.ActiveCfg = Debug|iPhone
		{39DF5B8B-DC4E-4D3E-9725-A479FCA15C74}.Debug|iPhone.Build.0 = Debug|iPhone
		{39DF5B8B-DC4E-4D3E-9725-A479FCA15C74}.Debug|iPhone.Deploy.0 = Debug|iPhone
		{39DF5B8B-DC4E-4D3E-9725-A479FCA15C74}.Debug|iPhoneSimulator.ActiveCfg = Debug|iPhoneSimulator
		{39DF5B8B-DC4E-4D3E-9725-A479FCA15C74}.Debug|iPhoneSimulator.Build.0 = Debug|iPhoneSimulator
		{39DF5B8B-DC4E-4D3E-9725-A479FCA15C74}.Debug|iPhoneSimulator.Deploy.0 = Debug|iPhoneSimulator
		{39DF5B8B-DC4E-4D3E-9725-A479FCA15C74}.Release|Any CPU.ActiveCfg = Release|iPhoneSimulator
		{39DF5B8B-DC4E-4D3E-9725-A479FCA15C74}.Release|Any CPU.Build.0 = Release|iPhoneSimulator
		{39DF5B8B-DC4E-4D3E-9725-A479FCA15C74}.Release|Any CPU.Deploy.0 = Release|iPhoneSimulator
		{39DF5B8B-DC4E-4D3E-9725-A479FCA15C74}.Release|iPhone.ActiveCfg = Release|iPhone
		{39DF5B8B-DC4E-4D3E-9725-A479FCA15C74}.Release|iPhone.Build.0 = Release|iPhone
		{39DF5B8B-DC4E-4D3E-9725-A479FCA15C74}.Release|iPhone.Deploy.0 = Release|iPhone
		{39DF5B8B-DC4E-4D3E-9725-A479FCA15C74}.Release|iPhoneSimulator.ActiveCfg = Release|iPhoneSimulator
		{39DF5B8B-DC4E-4D3E-9725-A479FCA15C74}.Release|iPhoneSimulator.Build.0 = Release|iPhoneSimulator
		{39DF5B8B-DC4E-4D3E-9725-A479FCA15C74}.Release|iPhoneSimulator.Deploy.0 = Release|iPhoneSimulator
		{3B0F232D-A29C-499C-93DC-6558ADE957F2}.Debug|Any CPU.ActiveCfg = Debug|Any CPU
		{3B0F232D-A29C-499C-93DC-6558ADE957F2}.Debug|Any CPU.Build.0 = Debug|Any CPU
		{3B0F232D-A29C-499C-93DC-6558ADE957F2}.Debug|Any CPU.Deploy.0 = Debug|Any CPU
		{3B0F232D-A29C-499C-93DC-6558ADE957F2}.Debug|iPhone.ActiveCfg = Debug|Any CPU
		{3B0F232D-A29C-499C-93DC-6558ADE957F2}.Debug|iPhone.Build.0 = Debug|Any CPU
		{3B0F232D-A29C-499C-93DC-6558ADE957F2}.Debug|iPhone.Deploy.0 = Debug|Any CPU
		{3B0F232D-A29C-499C-93DC-6558ADE957F2}.Debug|iPhoneSimulator.ActiveCfg = Debug|Any CPU
		{3B0F232D-A29C-499C-93DC-6558ADE957F2}.Debug|iPhoneSimulator.Build.0 = Debug|Any CPU
		{3B0F232D-A29C-499C-93DC-6558ADE957F2}.Debug|iPhoneSimulator.Deploy.0 = Debug|Any CPU
		{3B0F232D-A29C-499C-93DC-6558ADE957F2}.Release|Any CPU.ActiveCfg = Release|Any CPU
		{3B0F232D-A29C-499C-93DC-6558ADE957F2}.Release|Any CPU.Build.0 = Release|Any CPU
		{3B0F232D-A29C-499C-93DC-6558ADE957F2}.Release|Any CPU.Deploy.0 = Release|Any CPU
		{3B0F232D-A29C-499C-93DC-6558ADE957F2}.Release|iPhone.ActiveCfg = Release|Any CPU
		{3B0F232D-A29C-499C-93DC-6558ADE957F2}.Release|iPhone.Build.0 = Release|Any CPU
		{3B0F232D-A29C-499C-93DC-6558ADE957F2}.Release|iPhone.Deploy.0 = Release|Any CPU
		{3B0F232D-A29C-499C-93DC-6558ADE957F2}.Release|iPhoneSimulator.ActiveCfg = Release|Any CPU
		{3B0F232D-A29C-499C-93DC-6558ADE957F2}.Release|iPhoneSimulator.Build.0 = Release|Any CPU
		{3B0F232D-A29C-499C-93DC-6558ADE957F2}.Release|iPhoneSimulator.Deploy.0 = Release|Any CPU
	EndGlobalSection
	GlobalSection(SolutionProperties) = preSolution
		HideSolutionNode = FALSE
	EndGlobalSection
	GlobalSection(ExtensibilityGlobals) = postSolution
		SolutionGuid = {8B94D741-00DD-4931-A704-BFDD97FC35C6}
	EndGlobalSection
EndGlobal
